// !$*UTF8*$!
{
	archiveVersion = 1;
	classes = {
	};
	objectVersion = 77;
	objects = {

/* Begin PBXBuildFile section */
		D72B2CAC2D7A156F008E81AA /* Lottie in Frameworks */ = {isa = PBXBuildFile; productRef = D75F78352D74EFDA008C2429 /* Lottie */; };
		D754F9902DADA035000FC37F /* Clerk in Frameworks */ = {isa = PBXBuildFile; productRef = D754F98F2DADA035000FC37F /* Clerk */; };
		D7ABC2B92DBA6D8D009DC20B /* SVGView in Frameworks */ = {isa = PBXBuildFile; productRef = D7ABC2B82DBA6D8D009DC20B /* SVGView */; };
		D7C346212D78D80C00A4C680 /* Lottie in Frameworks */ = {isa = PBXBuildFile; productRef = D7C346202D78D80C00A4C680 /* Lottie */; };
		D7C346232D78D80C00A4C680 /* Lottie-Dynamic in Frameworks */ = {isa = PBXBuildFile; productRef = D7C346222D78D80C00A4C680 /* Lottie-Dynamic */; };
/* End PBXBuildFile section */

/* Begin PBXContainerItemProxy section */
		D783E7E52D72071F00E2E878 /* PBXContainerItemProxy */ = {
			isa = PBXContainerItemProxy;
			containerPortal = D783E7C72D72071D00E2E878 /* Project object */;
			proxyType = 1;
			remoteGlobalIDString = D783E7CE2D72071D00E2E878;
			remoteInfo = SurgiTrack;
		};
		D783E7EF2D72071F00E2E878 /* PBXContainerItemProxy */ = {
			isa = PBXContainerItemProxy;
			containerPortal = D783E7C72D72071D00E2E878 /* Project object */;
			proxyType = 1;
			remoteGlobalIDString = D783E7CE2D72071D00E2E878;
			remoteInfo = SurgiTrack;
		};
/* End PBXContainerItemProxy section */

/* Begin PBXFileReference section */
		D783E7CF2D72071D00E2E878 /* SurgiTrack.app */ = {isa = PBXFileReference; explicitFileType = wrapper.application; includeInIndex = 0; path = SurgiTrack.app; sourceTree = BUILT_PRODUCTS_DIR; };
		D783E7E42D72071F00E2E878 /* SurgiTrackTests.xctest */ = {isa = PBXFileReference; explicitFileType = wrapper.cfbundle; includeInIndex = 0; path = SurgiTrackTests.xctest; sourceTree = BUILT_PRODUCTS_DIR; };
		D783E7EE2D72071F00E2E878 /* SurgiTrackUITests.xctest */ = {isa = PBXFileReference; explicitFileType = wrapper.cfbundle; includeInIndex = 0; path = SurgiTrackUITests.xctest; sourceTree = BUILT_PRODUCTS_DIR; };
		D7D8D7442D739A4F00793E7D /* LocalAuthentication.framework */ = {isa = PBXFileReference; lastKnownFileType = wrapper.framework; name = LocalAuthentication.framework; path = System/Library/Frameworks/LocalAuthentication.framework; sourceTree = SDKROOT; };
/* End PBXFileReference section */

/* Begin PBXFileSystemSynchronizedBuildFileExceptionSet section */
		D75F78132D74D66A008C2429 /* Exceptions for "SurgiTrack" folder in "SurgiTrack" target */ = {
			isa = PBXFileSystemSynchronizedBuildFileExceptionSet;
			membershipExceptions = (
				Info.plist,
			);
			target = D783E7CE2D72071D00E2E878 /* SurgiTrack */;
		};
/* End PBXFileSystemSynchronizedBuildFileExceptionSet section */

/* Begin PBXFileSystemSynchronizedRootGroup section */
		D783E7D12D72071D00E2E878 /* SurgiTrack */ = {
			isa = PBXFileSystemSynchronizedRootGroup;
			exceptions = (
				D75F78132D74D66A008C2429 /* Exceptions for "SurgiTrack" folder in "SurgiTrack" target */,
			);
			path = SurgiTrack;
			sourceTree = "<group>";
		};
		D783E7E72D72071F00E2E878 /* SurgiTrackTests */ = {
			isa = PBXFileSystemSynchronizedRootGroup;
			path = SurgiTrackTests;
			sourceTree = "<group>";
		};
		D783E7F12D72071F00E2E878 /* SurgiTrackUITests */ = {
			isa = PBXFileSystemSynchronizedRootGroup;
			path = SurgiTrackUITests;
			sourceTree = "<group>";
		};
/* End PBXFileSystemSynchronizedRootGroup section */

/* Begin PBXFrameworksBuildPhase section */
		D783E7E12D72071F00E2E878 /* Frameworks */ = {
			isa = PBXFrameworksBuildPhase;
			buildActionMask = 2147483647;
			files = (
				D7C346212D78D80C00A4C680 /* Lottie in Frameworks */,
				D7C346232D78D80C00A4C680 /* Lottie-Dynamic in Frameworks */,
			);
			runOnlyForDeploymentPostprocessing = 0;
		};
		D783E7EB2D72071F00E2E878 /* Frameworks */ = {
			isa = PBXFrameworksBuildPhase;
			buildActionMask = 2147483647;
			files = (
			);
			runOnlyForDeploymentPostprocessing = 0;
		};
		D7C346242D78D8CD00A4C680 /* Frameworks */ = {
			isa = PBXFrameworksBuildPhase;
			buildActionMask = 2147483647;
			files = (
				D754F9902DADA035000FC37F /* Clerk in Frameworks */,
				D7ABC2B92DBA6D8D009DC20B /* SVGView in Frameworks */,
				D72B2CAC2D7A156F008E81AA /* Lottie in Frameworks */,
			);
			runOnlyForDeploymentPostprocessing = 0;
		};
/* End PBXFrameworksBuildPhase section */

/* Begin PBXGroup section */
		D783E7C62D72071D00E2E878 = {
			isa = PBXGroup;
			children = (
				D783E7D12D72071D00E2E878 /* SurgiTrack */,
				D783E7E72D72071F00E2E878 /* SurgiTrackTests */,
				D783E7F12D72071F00E2E878 /* SurgiTrackUITests */,
				D7D8D7432D739A4F00793E7D /* Frameworks */,
				D783E7D02D72071D00E2E878 /* Products */,
			);
			sourceTree = "<group>";
		};
		D783E7D02D72071D00E2E878 /* Products */ = {
			isa = PBXGroup;
			children = (
				D783E7CF2D72071D00E2E878 /* SurgiTrack.app */,
				D783E7E42D72071F00E2E878 /* SurgiTrackTests.xctest */,
				D783E7EE2D72071F00E2E878 /* SurgiTrackUITests.xctest */,
			);
			name = Products;
			sourceTree = "<group>";
		};
		D7D8D7432D739A4F00793E7D /* Frameworks */ = {
			isa = PBXGroup;
			children = (
				D7D8D7442D739A4F00793E7D /* LocalAuthentication.framework */,
			);
			name = Frameworks;
			sourceTree = "<group>";
		};
/* End PBXGroup section */

/* Begin PBXNativeTarget section */
		D783E7CE2D72071D00E2E878 /* SurgiTrack */ = {
			isa = PBXNativeTarget;
			buildConfigurationList = D783E7F82D72071F00E2E878 /* Build configuration list for PBXNativeTarget "SurgiTrack" */;
			buildPhases = (
				D783E7CB2D72071D00E2E878 /* Sources */,
				D783E7CD2D72071D00E2E878 /* Resources */,
				D7C346242D78D8CD00A4C680 /* Frameworks */,
			);
			buildRules = (
			);
			dependencies = (
				D754F98E2DADA02C000FC37F /* PBXTargetDependency */,
				D7066E532D78D69B006E7BE4 /* PBXTargetDependency */,
			);
			fileSystemSynchronizedGroups = (
				D783E7D12D72071D00E2E878 /* SurgiTrack */,
			);
			name = SurgiTrack;
			packageProductDependencies = (
				D75F78352D74EFDA008C2429 /* Lottie */,
				D75F78372D74EFDA008C2429 /* Lottie-Dynamic */,
				D754F98F2DADA035000FC37F /* Clerk */,
				D7ABC2B82DBA6D8D009DC20B /* SVGView */,
			);
			productName = SurgiTrack;
			productReference = D783E7CF2D72071D00E2E878 /* SurgiTrack.app */;
			productType = "com.apple.product-type.application";
		};
		D783E7E32D72071F00E2E878 /* SurgiTrackTests */ = {
			isa = PBXNativeTarget;
			buildConfigurationList = D783E7FB2D72071F00E2E878 /* Build configuration list for PBXNativeTarget "SurgiTrackTests" */;
			buildPhases = (
				D783E7E02D72071F00E2E878 /* Sources */,
				D783E7E12D72071F00E2E878 /* Frameworks */,
				D783E7E22D72071F00E2E878 /* Resources */,
			);
			buildRules = (
			);
			dependencies = (
				D783E7E62D72071F00E2E878 /* PBXTargetDependency */,
			);
			fileSystemSynchronizedGroups = (
				D783E7E72D72071F00E2E878 /* SurgiTrackTests */,
			);
			name = SurgiTrackTests;
			packageProductDependencies = (
				D7C346202D78D80C00A4C680 /* Lottie */,
				D7C346222D78D80C00A4C680 /* Lottie-Dynamic */,
			);
			productName = SurgiTrackTests;
			productReference = D783E7E42D72071F00E2E878 /* SurgiTrackTests.xctest */;
			productType = "com.apple.product-type.bundle.unit-test";
		};
		D783E7ED2D72071F00E2E878 /* SurgiTrackUITests */ = {
			isa = PBXNativeTarget;
			buildConfigurationList = D783E7FE2D72071F00E2E878 /* Build configuration list for PBXNativeTarget "SurgiTrackUITests" */;
			buildPhases = (
				D783E7EA2D72071F00E2E878 /* Sources */,
				D783E7EB2D72071F00E2E878 /* Frameworks */,
				D783E7EC2D72071F00E2E878 /* Resources */,
			);
			buildRules = (
			);
			dependencies = (
				D783E7F02D72071F00E2E878 /* PBXTargetDependency */,
			);
			fileSystemSynchronizedGroups = (
				D783E7F12D72071F00E2E878 /* SurgiTrackUITests */,
			);
			name = SurgiTrackUITests;
			packageProductDependencies = (
			);
			productName = SurgiTrackUITests;
			productReference = D783E7EE2D72071F00E2E878 /* SurgiTrackUITests.xctest */;
			productType = "com.apple.product-type.bundle.ui-testing";
		};
/* End PBXNativeTarget section */

/* Begin PBXProject section */
		D783E7C72D72071D00E2E878 /* Project object */ = {
			isa = PBXProject;
			attributes = {
				BuildIndependentTargetsInParallel = 1;
				LastSwiftUpdateCheck = 1600;
				LastUpgradeCheck = 1600;
				TargetAttributes = {
					D783E7CE2D72071D00E2E878 = {
						CreatedOnToolsVersion = 16.0;
					};
					D783E7E32D72071F00E2E878 = {
						CreatedOnToolsVersion = 16.0;
						TestTargetID = D783E7CE2D72071D00E2E878;
					};
					D783E7ED2D72071F00E2E878 = {
						CreatedOnToolsVersion = 16.0;
						TestTargetID = D783E7CE2D72071D00E2E878;
					};
				};
			};
			buildConfigurationList = D783E7CA2D72071D00E2E878 /* Build configuration list for PBXProject "SurgiTrack" */;
			developmentRegion = en;
			hasScannedForEncodings = 0;
			knownRegions = (
				en,
				Base,
			);
			mainGroup = D783E7C62D72071D00E2E878;
			minimizedProjectReferenceProxies = 1;
			packageReferences = (
				D75F78342D74EFDA008C2429 /* XCRemoteSwiftPackageReference "lottie-ios" */,
				D754F98C2DAD9FC9000FC37F /* XCRemoteSwiftPackageReference "clerk-ios" */,
				D7ABC2B72DBA6D8D009DC20B /* XCRemoteSwiftPackageReference "SVGView" */,
			);
			preferredProjectObjectVersion = 77;
			productRefGroup = D783E7D02D72071D00E2E878 /* Products */;
			projectDirPath = "";
			projectRoot = "";
			targets = (
				D783E7CE2D72071D00E2E878 /* SurgiTrack */,
				D783E7E32D72071F00E2E878 /* SurgiTrackTests */,
				D783E7ED2D72071F00E2E878 /* SurgiTrackUITests */,
			);
		};
/* End PBXProject section */

/* Begin PBXResourcesBuildPhase section */
		D783E7CD2D72071D00E2E878 /* Resources */ = {
			isa = PBXResourcesBuildPhase;
			buildActionMask = 2147483647;
			files = (
			);
			runOnlyForDeploymentPostprocessing = 0;
		};
		D783E7E22D72071F00E2E878 /* Resources */ = {
			isa = PBXResourcesBuildPhase;
			buildActionMask = 2147483647;
			files = (
			);
			runOnlyForDeploymentPostprocessing = 0;
		};
		D783E7EC2D72071F00E2E878 /* Resources */ = {
			isa = PBXResourcesBuildPhase;
			buildActionMask = 2147483647;
			files = (
			);
			runOnlyForDeploymentPostprocessing = 0;
		};
/* End PBXResourcesBuildPhase section */

/* Begin PBXSourcesBuildPhase section */
		D783E7CB2D72071D00E2E878 /* Sources */ = {
			isa = PBXSourcesBuildPhase;
			buildActionMask = 2147483647;
			files = (
			);
			runOnlyForDeploymentPostprocessing = 0;
		};
		D783E7E02D72071F00E2E878 /* Sources */ = {
			isa = PBXSourcesBuildPhase;
			buildActionMask = 2147483647;
			files = (
			);
			runOnlyForDeploymentPostprocessing = 0;
		};
		D783E7EA2D72071F00E2E878 /* Sources */ = {
			isa = PBXSourcesBuildPhase;
			buildActionMask = 2147483647;
			files = (
			);
			runOnlyForDeploymentPostprocessing = 0;
		};
/* End PBXSourcesBuildPhase section */

/* Begin PBXTargetDependency section */
		D7066E532D78D69B006E7BE4 /* PBXTargetDependency */ = {
			isa = PBXTargetDependency;
			productRef = D7066E522D78D69B006E7BE4 /* Lottie */;
		};
		D754F98E2DADA02C000FC37F /* PBXTargetDependency */ = {
			isa = PBXTargetDependency;
			productRef = D754F98D2DADA02C000FC37F /* Clerk */;
		};
		D783E7E62D72071F00E2E878 /* PBXTargetDependency */ = {
			isa = PBXTargetDependency;
			target = D783E7CE2D72071D00E2E878 /* SurgiTrack */;
			targetProxy = D783E7E52D72071F00E2E878 /* PBXContainerItemProxy */;
		};
		D783E7F02D72071F00E2E878 /* PBXTargetDependency */ = {
			isa = PBXTargetDependency;
			target = D783E7CE2D72071D00E2E878 /* SurgiTrack */;
			targetProxy = D783E7EF2D72071F00E2E878 /* PBXContainerItemProxy */;
		};
/* End PBXTargetDependency section */

/* Begin XCBuildConfiguration section */
		D783E7F62D72071F00E2E878 /* Debug */ = {
			isa = XCBuildConfiguration;
			buildSettings = {
				ALWAYS_SEARCH_USER_PATHS = NO;
				ASSETCATALOG_COMPILER_GENERATE_SWIFT_ASSET_SYMBOL_EXTENSIONS = YES;
				CLANG_ANALYZER_NONNULL = YES;
				CLANG_ANALYZER_NUMBER_OBJECT_CONVERSION = YES_AGGRESSIVE;
				CLANG_CXX_LANGUAGE_STANDARD = "gnu++20";
				CLANG_ENABLE_MODULES = YES;
				CLANG_ENABLE_OBJC_ARC = YES;
				CLANG_ENABLE_OBJC_WEAK = YES;
				CLANG_WARN_BLOCK_CAPTURE_AUTORELEASING = YES;
				CLANG_WARN_BOOL_CONVERSION = YES;
				CLANG_WARN_COMMA = YES;
				CLANG_WARN_CONSTANT_CONVERSION = YES;
				CLANG_WARN_DEPRECATED_OBJC_IMPLEMENTATIONS = YES;
				CLANG_WARN_DIRECT_OBJC_ISA_USAGE = YES_ERROR;
				CLANG_WARN_DOCUMENTATION_COMMENTS = YES;
				CLANG_WARN_EMPTY_BODY = YES;
				CLANG_WARN_ENUM_CONVERSION = YES;
				CLANG_WARN_INFINITE_RECURSION = YES;
				CLANG_WARN_INT_CONVERSION = YES;
				CLANG_WARN_NON_LITERAL_NULL_CONVERSION = YES;
				CLANG_WARN_OBJC_IMPLICIT_RETAIN_SELF = YES;
				CLANG_WARN_OBJC_LITERAL_CONVERSION = YES;
				CLANG_WARN_OBJC_ROOT_CLASS = YES_ERROR;
				CLANG_WARN_QUOTED_INCLUDE_IN_FRAMEWORK_HEADER = YES;
				CLANG_WARN_RANGE_LOOP_ANALYSIS = YES;
				CLANG_WARN_STRICT_PROTOTYPES = YES;
				CLANG_WARN_SUSPICIOUS_MOVE = YES;
				CLANG_WARN_UNGUARDED_AVAILABILITY = YES_AGGRESSIVE;
				CLANG_WARN_UNREACHABLE_CODE = YES;
				CLANG_WARN__DUPLICATE_METHOD_MATCH = YES;
				COPY_PHASE_STRIP = NO;
				DEBUG_INFORMATION_FORMAT = dwarf;
				ENABLE_STRICT_OBJC_MSGSEND = YES;
				ENABLE_TESTABILITY = YES;
				ENABLE_USER_SCRIPT_SANDBOXING = YES;
				GCC_C_LANGUAGE_STANDARD = gnu17;
				GCC_DYNAMIC_NO_PIC = NO;
				GCC_NO_COMMON_BLOCKS = YES;
				GCC_OPTIMIZATION_LEVEL = 0;
				GCC_PREPROCESSOR_DEFINITIONS = (
					"DEBUG=1",
					"$(inherited)",
				);
				GCC_WARN_64_TO_32_BIT_CONVERSION = YES;
				GCC_WARN_ABOUT_RETURN_TYPE = YES_ERROR;
				GCC_WARN_UNDECLARED_SELECTOR = YES;
				GCC_WARN_UNINITIALIZED_AUTOS = YES_AGGRESSIVE;
				GCC_WARN_UNUSED_FUNCTION = YES;
				GCC_WARN_UNUSED_VARIABLE = YES;
				IPHONEOS_DEPLOYMENT_TARGET = 18.0;
				LOCALIZATION_PREFERS_STRING_CATALOGS = YES;
				MTL_ENABLE_DEBUG_INFO = INCLUDE_SOURCE;
				MTL_FAST_MATH = YES;
				ONLY_ACTIVE_ARCH = YES;
				SDKROOT = iphoneos;
				SWIFT_ACTIVE_COMPILATION_CONDITIONS = "DEBUG $(inherited)";
				SWIFT_OPTIMIZATION_LEVEL = "-Onone";
			};
			name = Debug;
		};
		D783E7F72D72071F00E2E878 /* Release */ = {
			isa = XCBuildConfiguration;
			buildSettings = {
				ALWAYS_SEARCH_USER_PATHS = NO;
				ASSETCATALOG_COMPILER_GENERATE_SWIFT_ASSET_SYMBOL_EXTENSIONS = YES;
				CLANG_ANALYZER_NONNULL = YES;
				CLANG_ANALYZER_NUMBER_OBJECT_CONVERSION = YES_AGGRESSIVE;
				CLANG_CXX_LANGUAGE_STANDARD = "gnu++20";
				CLANG_ENABLE_MODULES = YES;
				CLANG_ENABLE_OBJC_ARC = YES;
				CLANG_ENABLE_OBJC_WEAK = YES;
				CLANG_WARN_BLOCK_CAPTURE_AUTORELEASING = YES;
				CLANG_WARN_BOOL_CONVERSION = YES;
				CLANG_WARN_COMMA = YES;
				CLANG_WARN_CONSTANT_CONVERSION = YES;
				CLANG_WARN_DEPRECATED_OBJC_IMPLEMENTATIONS = YES;
				CLANG_WARN_DIRECT_OBJC_ISA_USAGE = YES_ERROR;
				CLANG_WARN_DOCUMENTATION_COMMENTS = YES;
				CLANG_WARN_EMPTY_BODY = YES;
				CLANG_WARN_ENUM_CONVERSION = YES;
				CLANG_WARN_INFINITE_RECURSION = YES;
				CLANG_WARN_INT_CONVERSION = YES;
				CLANG_WARN_NON_LITERAL_NULL_CONVERSION = YES;
				CLANG_WARN_OBJC_IMPLICIT_RETAIN_SELF = YES;
				CLANG_WARN_OBJC_LITERAL_CONVERSION = YES;
				CLANG_WARN_OBJC_ROOT_CLASS = YES_ERROR;
				CLANG_WARN_QUOTED_INCLUDE_IN_FRAMEWORK_HEADER = YES;
				CLANG_WARN_RANGE_LOOP_ANALYSIS = YES;
				CLANG_WARN_STRICT_PROTOTYPES = YES;
				CLANG_WARN_SUSPICIOUS_MOVE = YES;
				CLANG_WARN_UNGUARDED_AVAILABILITY = YES_AGGRESSIVE;
				CLANG_WARN_UNREACHABLE_CODE = YES;
				CLANG_WARN__DUPLICATE_METHOD_MATCH = YES;
				COPY_PHASE_STRIP = NO;
				DEBUG_INFORMATION_FORMAT = "dwarf-with-dsym";
				ENABLE_NS_ASSERTIONS = NO;
				ENABLE_STRICT_OBJC_MSGSEND = YES;
				ENABLE_USER_SCRIPT_SANDBOXING = YES;
				GCC_C_LANGUAGE_STANDARD = gnu17;
				GCC_NO_COMMON_BLOCKS = YES;
				GCC_WARN_64_TO_32_BIT_CONVERSION = YES;
				GCC_WARN_ABOUT_RETURN_TYPE = YES_ERROR;
				GCC_WARN_UNDECLARED_SELECTOR = YES;
				GCC_WARN_UNINITIALIZED_AUTOS = YES_AGGRESSIVE;
				GCC_WARN_UNUSED_FUNCTION = YES;
				GCC_WARN_UNUSED_VARIABLE = YES;
				IPHONEOS_DEPLOYMENT_TARGET = 18.0;
				LOCALIZATION_PREFERS_STRING_CATALOGS = YES;
				MTL_ENABLE_DEBUG_INFO = NO;
				MTL_FAST_MATH = YES;
				SDKROOT = iphoneos;
				SWIFT_COMPILATION_MODE = wholemodule;
				VALIDATE_PRODUCT = YES;
			};
			name = Release;
		};
		D783E7F92D72071F00E2E878 /* Debug */ = {
			isa = XCBuildConfiguration;
			buildSettings = {
				ASSETCATALOG_COMPILER_APPICON_NAME = AppIcon;
				ASSETCATALOG_COMPILER_GLOBAL_ACCENT_COLOR_NAME = AccentColor;
				CODE_SIGN_STYLE = Automatic;
				CURRENT_PROJECT_VERSION = 1;
				DEVELOPMENT_ASSET_PATHS = "\"SurgiTrack/Preview Content\"";
				DEVELOPMENT_TEAM = Q5DV38PX4Y;
				ENABLE_PREVIEWS = YES;
				GENERATE_INFOPLIST_FILE = NO;
				INFOPLIST_FILE = "$(SRCROOT)/SurgiTrack/Info.plist";
				INFOPLIST_KEY_UIApplicationSceneManifest_Generation = YES;
				INFOPLIST_KEY_UIApplicationSupportsIndirectInputEvents = YES;
				INFOPLIST_KEY_UILaunchScreen_Generation = YES;
				INFOPLIST_KEY_UISupportedInterfaceOrientations_iPad = "UIInterfaceOrientationPortrait UIInterfaceOrientationPortraitUpsideDown UIInterfaceOrientationLandscapeLeft UIInterfaceOrientationLandscapeRight";
				INFOPLIST_KEY_UISupportedInterfaceOrientations_iPhone = "UIInterfaceOrientationPortrait UIInterfaceOrientationLandscapeLeft UIInterfaceOrientationLandscapeRight";
				LD_RUNPATH_SEARCH_PATHS = (
					"$(inherited)",
					"@executable_path/Frameworks",
				);
				MARKETING_VERSION = 1.0;
				PRODUCT_BUNDLE_IDENTIFIER = com.surgitrack.SurgiTrack;
				PRODUCT_NAME = "$(TARGET_NAME)";
				SWIFT_EMIT_LOC_STRINGS = YES;
				SWIFT_VERSION = 5.0;
				TARGETED_DEVICE_FAMILY = "1,2";
			};
			name = Debug;
		};
		D783E7FA2D72071F00E2E878 /* Release */ = {
			isa = XCBuildConfiguration;
			buildSettings = {
				ASSETCATALOG_COMPILER_APPICON_NAME = AppIcon;
				ASSETCATALOG_COMPILER_GLOBAL_ACCENT_COLOR_NAME = AccentColor;
				CODE_SIGN_STYLE = Automatic;
				CURRENT_PROJECT_VERSION = 1;
				DEVELOPMENT_ASSET_PATHS = "\"SurgiTrack/Preview Content\"";
				DEVELOPMENT_TEAM = Q5DV38PX4Y;
				ENABLE_PREVIEWS = YES;
				GENERATE_INFOPLIST_FILE = NO;
				INFOPLIST_FILE = "$(SRCROOT)/SurgiTrack/Info.plist";
				INFOPLIST_KEY_UIApplicationSceneManifest_Generation = YES;
				INFOPLIST_KEY_UIApplicationSupportsIndirectInputEvents = YES;
				INFOPLIST_KEY_UILaunchScreen_Generation = YES;
				INFOPLIST_KEY_UISupportedInterfaceOrientations_iPad = "UIInterfaceOrientationPortrait UIInterfaceOrientationPortraitUpsideDown UIInterfaceOrientationLandscapeLeft UIInterfaceOrientationLandscapeRight";
				INFOPLIST_KEY_UISupportedInterfaceOrientations_iPhone = "UIInterfaceOrientationPortrait UIInterfaceOrientationLandscapeLeft UIInterfaceOrientationLandscapeRight";
				LD_RUNPATH_SEARCH_PATHS = (
					"$(inherited)",
					"@executable_path/Frameworks",
				);
				MARKETING_VERSION = 1.0;
				PRODUCT_BUNDLE_IDENTIFIER = com.surgitrack.SurgiTrack;
				PRODUCT_NAME = "$(TARGET_NAME)";
				SWIFT_EMIT_LOC_STRINGS = YES;
				SWIFT_VERSION = 5.0;
				TARGETED_DEVICE_FAMILY = "1,2";
			};
			name = Release;
		};
		D783E7FC2D72071F00E2E878 /* Debug */ = {
			isa = XCBuildConfiguration;
			buildSettings = {
				BUNDLE_LOADER = "$(TEST_HOST)";
				CODE_SIGN_STYLE = Automatic;
				CURRENT_PROJECT_VERSION = 1;
				DEVELOPMENT_TEAM = Q5DV38PX4Y;
				GENERATE_INFOPLIST_FILE = YES;
				IPHONEOS_DEPLOYMENT_TARGET = 18.0;
				MARKETING_VERSION = 1.0;
				PRODUCT_BUNDLE_IDENTIFIER = com.surgitrack.SurgiTrackTests;
				PRODUCT_NAME = "$(TARGET_NAME)";
				SWIFT_EMIT_LOC_STRINGS = NO;
				SWIFT_VERSION = 5.0;
				TARGETED_DEVICE_FAMILY = "1,2";
				TEST_HOST = "$(BUILT_PRODUCTS_DIR)/SurgiTrack.app/$(BUNDLE_EXECUTABLE_FOLDER_PATH)/SurgiTrack";
			};
			name = Debug;
		};
		D783E7FD2D72071F00E2E878 /* Release */ = {
			isa = XCBuildConfiguration;
			buildSettings = {
				BUNDLE_LOADER = "$(TEST_HOST)";
				CODE_SIGN_STYLE = Automatic;
				CURRENT_PROJECT_VERSION = 1;
				DEVELOPMENT_TEAM = Q5DV38PX4Y;
				GENERATE_INFOPLIST_FILE = YES;
				IPHONEOS_DEPLOYMENT_TARGET = 18.0;
				MARKETING_VERSION = 1.0;
				PRODUCT_BUNDLE_IDENTIFIER = com.surgitrack.SurgiTrackTests;
				PRODUCT_NAME = "$(TARGET_NAME)";
				SWIFT_EMIT_LOC_STRINGS = NO;
				SWIFT_VERSION = 5.0;
				TARGETED_DEVICE_FAMILY = "1,2";
				TEST_HOST = "$(BUILT_PRODUCTS_DIR)/SurgiTrack.app/$(BUNDLE_EXECUTABLE_FOLDER_PATH)/SurgiTrack";
			};
			name = Release;
		};
		D783E7FF2D72071F00E2E878 /* Debug */ = {
			isa = XCBuildConfiguration;
			buildSettings = {
				CODE_SIGN_STYLE = Automatic;
				CURRENT_PROJECT_VERSION = 1;
				DEVELOPMENT_TEAM = Q5DV38PX4Y;
				GENERATE_INFOPLIST_FILE = YES;
				MARKETING_VERSION = 1.0;
				PRODUCT_BUNDLE_IDENTIFIER = com.surgitrack.SurgiTrackUITests;
				PRODUCT_NAME = "$(TARGET_NAME)";
				SWIFT_EMIT_LOC_STRINGS = NO;
				SWIFT_VERSION = 5.0;
				TARGETED_DEVICE_FAMILY = "1,2";
				TEST_TARGET_NAME = SurgiTrack;
			};
			name = Debug;
		};
		D783E8002D72071F00E2E878 /* Release */ = {
			isa = XCBuildConfiguration;
			buildSettings = {
				CODE_SIGN_STYLE = Automatic;
				CURRENT_PROJECT_VERSION = 1;
				DEVELOPMENT_TEAM = Q5DV38PX4Y;
				GENERATE_INFOPLIST_FILE = YES;
				MARKETING_VERSION = 1.0;
				PRODUCT_BUNDLE_IDENTIFIER = com.surgitrack.SurgiTrackUITests;
				PRODUCT_NAME = "$(TARGET_NAME)";
				SWIFT_EMIT_LOC_STRINGS = NO;
				SWIFT_VERSION = 5.0;
				TARGETED_DEVICE_FAMILY = "1,2";
				TEST_TARGET_NAME = SurgiTrack;
			};
			name = Release;
		};
/* End XCBuildConfiguration section */

/* Begin XCConfigurationList section */
		D783E7CA2D72071D00E2E878 /* Build configuration list for PBXProject "SurgiTrack" */ = {
			isa = XCConfigurationList;
			buildConfigurations = (
				D783E7F62D72071F00E2E878 /* Debug */,
				D783E7F72D72071F00E2E878 /* Release */,
			);
			defaultConfigurationIsVisible = 0;
			defaultConfigurationName = Release;
		};
		D783E7F82D72071F00E2E878 /* Build configuration list for PBXNativeTarget "SurgiTrack" */ = {
			isa = XCConfigurationList;
			buildConfigurations = (
				D783E7F92D72071F00E2E878 /* Debug */,
				D783E7FA2D72071F00E2E878 /* Release */,
			);
			defaultConfigurationIsVisible = 0;
			defaultConfigurationName = Release;
		};
		D783E7FB2D72071F00E2E878 /* Build configuration list for PBXNativeTarget "SurgiTrackTests" */ = {
			isa = XCConfigurationList;
			buildConfigurations = (
				D783E7FC2D72071F00E2E878 /* Debug */,
				D783E7FD2D72071F00E2E878 /* Release */,
			);
			defaultConfigurationIsVisible = 0;
			defaultConfigurationName = Release;
		};
		D783E7FE2D72071F00E2E878 /* Build configuration list for PBXNativeTarget "SurgiTrackUITests" */ = {
			isa = XCConfigurationList;
			buildConfigurations = (
				D783E7FF2D72071F00E2E878 /* Debug */,
				D783E8002D72071F00E2E878 /* Release */,
			);
			defaultConfigurationIsVisible = 0;
			defaultConfigurationName = Release;
		};
/* End XCConfigurationList section */

/* Begin XCRemoteSwiftPackageReference section */
		D754F98C2DAD9FC9000FC37F /* XCRemoteSwiftPackageReference "clerk-ios" */ = {
			isa = XCRemoteSwiftPackageReference;
			repositoryURL = "https://github.com/clerk/clerk-ios.git";
			requirement = {
				kind = upToNextMajorVersion;
				minimumVersion = 0.55.0;
			};
		};
		D75F78342D74EFDA008C2429 /* XCRemoteSwiftPackageReference "lottie-ios" */ = {
			isa = XCRemoteSwiftPackageReference;
			repositoryURL = "https://github.com/airbnb/lottie-ios";
			requirement = {
				kind = upToNextMajorVersion;
				minimumVersion = 4.5.1;
			};
		};
		D7ABC2B72DBA6D8D009DC20B /* XCRemoteSwiftPackageReference "SVGView" */ = {
			isa = XCRemoteSwiftPackageReference;
			repositoryURL = "https://github.com/exyte/SVGView.git";
			requirement = {
				kind = upToNextMajorVersion;
				minimumVersion = 1.0.6;
			};
		};
/* End XCRemoteSwiftPackageReference section */

/* Begin XCSwiftPackageProductDependency section */
		D7066E522D78D69B006E7BE4 /* Lottie */ = {
			isa = XCSwiftPackageProductDependency;
			package = D75F78342D74EFDA008C2429 /* XCRemoteSwiftPackageReference "lottie-ios" */;
			productName = Lottie;
		};
		D754F98D2DADA02C000FC37F /* Clerk */ = {
			isa = XCSwiftPackageProductDependency;
			package = D754F98C2DAD9FC9000FC37F /* XCRemoteSwiftPackageReference "clerk-ios" */;
			productName = Clerk;
		};
		D754F98F2DADA035000FC37F /* Clerk */ = {
			isa = XCSwiftPackageProductDependency;
			package = D754F98C2DAD9FC9000FC37F /* XCRemoteSwiftPackageReference "clerk-ios" */;
			productName = Clerk;
		};
		D75F78352D74EFDA008C2429 /* Lottie */ = {
			isa = XCSwiftPackageProductDependency;
			package = D75F78342D74EFDA008C2429 /* XCRemoteSwiftPackageReference "lottie-ios" */;
			productName = Lottie;
		};
		D75F78372D74EFDA008C2429 /* Lottie-Dynamic */ = {
			isa = XCSwiftPackageProductDependency;
			package = D75F78342D74EFDA008C2429 /* XCRemoteSwiftPackageReference "lottie-ios" */;
			productName = "Lottie-Dynamic";
		};
		D7ABC2B82DBA6D8D009DC20B /* SVGView */ = {
			isa = XCSwiftPackageProductDependency;
			package = D7ABC2B72DBA6D8D009DC20B /* XCRemoteSwiftPackageReference "SVGView" */;
			productName = SVGView;
		};
		D7C346202D78D80C00A4C680 /* Lottie */ = {
			isa = XCSwiftPackageProductDependency;
			package = D75F78342D74EFDA008C2429 /* XCRemoteSwiftPackageReference "lottie-ios" */;
			productName = Lottie;
		};
		D7C346222D78D80C00A4C680 /* Lottie-Dynamic */ = {
			isa = XCSwiftPackageProductDependency;
			package = D75F78342D74EFDA008C2429 /* XCRemoteSwiftPackageReference "lottie-ios" */;
			productName = "Lottie-Dynamic";
		};
/* End XCSwiftPackageProductDependency section */
	};
	rootObject = D783E7C72D72071D00E2E878 /* Project object */;
}
